
Microsoft Visual Studio Solution File, Format Version 12.00
# Visual Studio Version 16
VisualStudioVersion = 16.0.32106.194
MinimumVisualStudioVersion = 10.0.40219.1
Project("{FAE04EC0-301F-11D3-BF4B-00C04F79EFBC}") = "ElBosquecito", "ElBosquecito\ElBosquecito.csproj", "{8F17CFB2-AC2E-4968-91A0-64F3EB3471AE}"
EndProject
Global
	GlobalSection(SolutionConfigurationPlatforms) = preSolution
		Debug|Any CPU = Debug|Any CPU
		Release|Any CPU = Release|Any CPU
	EndGlobalSection
	GlobalSection(ProjectConfigurationPlatforms) = postSolution
		{8F17CFB2-AC2E-4968-91A0-64F3EB3471AE}.Debug|Any CPU.ActiveCfg = Debug|Any CPU
		{8F17CFB2-AC2E-4968-91A0-64F3EB3471AE}.Debug|Any CPU.Build.0 = Debug|Any CPU
		{8F17CFB2-AC2E-4968-91A0-64F3EB3471AE}.Release|Any CPU.ActiveCfg = Release|Any CPU
		{8F17CFB2-AC2E-4968-91A0-64F3EB3471AE}.Release|Any CPU.Build.0 = Release|Any CPU
	EndGlobalSection
	GlobalSection(SolutionProperties) = preSolution
		HideSolutionNode = FALSE
	EndGlobalSection
	GlobalSection(ExtensibilityGlobals) = postSolution
		SolutionGuid = {26F81F08-2476-40CB-BC2F-5EC75BC03653}
	EndGlobalSection
EndGlobal
